
Microsoft Visual Studio Solution File, Format Version 12.00
# Visual Studio Version 17
VisualStudioVersion = 17.9.34723.18
MinimumVisualStudioVersion = 10.0.40219.1
Project("{FAE04EC0-301F-11D3-BF4B-00C04F79EFBC}") = "HarshaInc", "HarshaInc\HarshaInc.csproj", "{8263A77B-1E01-4DAF-A537-6BB78DBC1DFC}"
EndProject
Project("{FAE04EC0-301F-11D3-BF4B-00C04F79EFBC}") = "Employee", "Employee\Employee.csproj", "{0A8A34D0-2823-4A97-AF58-52BAE06C2D83}"
EndProject
Global
	GlobalSection(SolutionConfigurationPlatforms) = preSolution
		Debug|Any CPU = Debug|Any CPU
		Release|Any CPU = Release|Any CPU
	EndGlobalSection
	GlobalSection(ProjectConfigurationPlatforms) = postSolution
		{8263A77B-1E01-4DAF-A537-6BB78DBC1DFC}.Debug|Any CPU.ActiveCfg = Debug|Any CPU
		{8263A77B-1E01-4DAF-A537-6BB78DBC1DFC}.Debug|Any CPU.Build.0 = Debug|Any CPU
		{8263A77B-1E01-4DAF-A537-6BB78DBC1DFC}.Release|Any CPU.ActiveCfg = Release|Any CPU
		{8263A77B-1E01-4DAF-A537-6BB78DBC1DFC}.Release|Any CPU.Build.0 = Release|Any CPU
		{0A8A34D0-2823-4A97-AF58-52BAE06C2D83}.Debug|Any CPU.ActiveCfg = Debug|Any CPU
		{0A8A34D0-2823-4A97-AF58-52BAE06C2D83}.Debug|Any CPU.Build.0 = Debug|Any CPU
		{0A8A34D0-2823-4A97-AF58-52BAE06C2D83}.Release|Any CPU.ActiveCfg = Release|Any CPU
		{0A8A34D0-2823-4A97-AF58-52BAE06C2D83}.Release|Any CPU.Build.0 = Release|Any CPU
	EndGlobalSection
	GlobalSection(SolutionProperties) = preSolution
		HideSolutionNode = FALSE
	EndGlobalSection
	GlobalSection(ExtensibilityGlobals) = postSolution
		SolutionGuid = {A4B99425-7FC2-463B-AB4B-464F70D2BEF0}
	EndGlobalSection
EndGlobal
